
Microsoft Visual Studio Solution File, Format Version 12.00
# Visual Studio Version 16
VisualStudioVersion = 16.0.28803.156
MinimumVisualStudioVersion = 10.0.40219.1
Project("{8BC9CEB8-8B4A-11D0-8D11-00A0C91BC942}") = "libapr-1", "libapr-1\libapr-1.vcxproj", "{0A2FF4A8-8D20-4291-B977-581B55F7AD41}"
	ProjectSection(ProjectDependencies) = postProject
		{EF0062D0-A788-47FD-910B-321D3A929CA6} = {EF0062D0-A788-47FD-910B-321D3A929CA6}
	EndProjectSection
EndProject
Project("{8BC9CEB8-8B4A-11D0-8D11-00A0C91BC942}") = "_gen_test_char", "_gen_test_char\_gen_test_char.vcxproj", "{EF0062D0-A788-47FD-910B-321D3A929CA6}"
EndProject
Project("{8BC9CEB8-8B4A-11D0-8D11-00A0C91BC942}") = "apr-1", "apr-1\apr-1.vcxproj", "{4BE76B19-4ECE-439B-9FAD-1E91CD03D1BD}"
	ProjectSection(ProjectDependencies) = postProject
		{EF0062D0-A788-47FD-910B-321D3A929CA6} = {EF0062D0-A788-47FD-910B-321D3A929CA6}
	EndProjectSection
EndProject
Project("{8BC9CEB8-8B4A-11D0-8D11-00A0C91BC942}") = "libaprapp-1", "libaprapp-1\libaprapp-1.vcxproj", "{5E8AA413-C72F-4289-B4AA-5CFC3EDA536C}"
EndProject
Project("{8BC9CEB8-8B4A-11D0-8D11-00A0C91BC942}") = "aprapp-1", "aprapp-1\aprapp-1.vcxproj", "{B08737E6-D056-4C7E-8BA1-7650A9F00113}"
EndProject
Project("{2150E333-8FDC-42A3-9474-1A3956D46DE8}") = "tests", "tests", "{31440E9B-AF81-4117-887D-B99880DE6FB0}"
EndProject
Project("{8BC9CEB8-8B4A-11D0-8D11-00A0C91BC942}") = "echod", "tests\echod\echod.vcxproj", "{6BDF3D80-F118-4E27-B432-74ED6AFCA005}"
	ProjectSection(ProjectDependencies) = postProject
		{0A2FF4A8-8D20-4291-B977-581B55F7AD41} = {0A2FF4A8-8D20-4291-B977-581B55F7AD41}
	EndProjectSection
EndProject
Project("{8BC9CEB8-8B4A-11D0-8D11-00A0C91BC942}") = "globalmutexchild", "tests\globalmutexchild\globalmutexchild.vcxproj", "{36B76E9E-B6CC-44EB-9416-097167D2045F}"
	ProjectSection(ProjectDependencies) = postProject
		{0A2FF4A8-8D20-4291-B977-581B55F7AD41} = {0A2FF4A8-8D20-4291-B977-581B55F7AD41}
	EndProjectSection
EndProject
Project("{8BC9CEB8-8B4A-11D0-8D11-00A0C91BC942}") = "mod_test", "tests\mod_test\mod_test.vcxproj", "{4B7F0463-1413-44F1-B924-AE7ABECC3A56}"
	ProjectSection(ProjectDependencies) = postProject
		{0A2FF4A8-8D20-4291-B977-581B55F7AD41} = {0A2FF4A8-8D20-4291-B977-581B55F7AD41}
	EndProjectSection
EndProject
Project("{8BC9CEB8-8B4A-11D0-8D11-00A0C91BC942}") = "occhild", "tests\occhild\occhild.vcxproj", "{93E0CCD0-C8EA-49A6-864E-898EA37EE48A}"
	ProjectSection(ProjectDependencies) = postProject
		{0A2FF4A8-8D20-4291-B977-581B55F7AD41} = {0A2FF4A8-8D20-4291-B977-581B55F7AD41}
	EndProjectSection
EndProject
Project("{8BC9CEB8-8B4A-11D0-8D11-00A0C91BC942}") = "proc_child", "tests\proc_child\proc_child.vcxproj", "{6E168A4C-C996-4214-A7F6-EC01D7B70347}"
	ProjectSection(ProjectDependencies) = postProject
		{0A2FF4A8-8D20-4291-B977-581B55F7AD41} = {0A2FF4A8-8D20-4291-B977-581B55F7AD41}
	EndProjectSection
EndProject
Project("{8BC9CEB8-8B4A-11D0-8D11-00A0C91BC942}") = "readchild", "tests\readchild\readchild.vcxproj", "{4B77D321-E49F-464C-9D11-80C84E1C63CA}"
	ProjectSection(ProjectDependencies) = postProject
		{0A2FF4A8-8D20-4291-B977-581B55F7AD41} = {0A2FF4A8-8D20-4291-B977-581B55F7AD41}
	EndProjectSection
EndProject
Project("{8BC9CEB8-8B4A-11D0-8D11-00A0C91BC942}") = "sendfile", "tests\sendfile\sendfile.vcxproj", "{4E86E148-CD8D-460F-BD2F-2435E1A7F149}"
	ProjectSection(ProjectDependencies) = postProject
		{0A2FF4A8-8D20-4291-B977-581B55F7AD41} = {0A2FF4A8-8D20-4291-B977-581B55F7AD41}
	EndProjectSection
EndProject
Project("{8BC9CEB8-8B4A-11D0-8D11-00A0C91BC942}") = "sockchild", "tests\sockchild\sockchild.vcxproj", "{FBAF761E-FCC0-432B-83C6-A7635E187F49}"
	ProjectSection(ProjectDependencies) = postProject
		{0A2FF4A8-8D20-4291-B977-581B55F7AD41} = {0A2FF4A8-8D20-4291-B977-581B55F7AD41}
	EndProjectSection
EndProject
Project("{8BC9CEB8-8B4A-11D0-8D11-00A0C91BC942}") = "sockperf", "tests\sockperf\sockperf.vcxproj", "{12F8AF6D-11EA-4C40-8ED5-EE85F9164BE8}"
	ProjectSection(ProjectDependencies) = postProject
		{0A2FF4A8-8D20-4291-B977-581B55F7AD41} = {0A2FF4A8-8D20-4291-B977-581B55F7AD41}
	EndProjectSection
EndProject
Project("{8BC9CEB8-8B4A-11D0-8D11-00A0C91BC942}") = "testall", "tests\testall\testall.vcxproj", "{10F7B024-B56B-42A3-BD68-1F9BC3F17CB0}"
	ProjectSection(ProjectDependencies) = postProject
		{0A2FF4A8-8D20-4291-B977-581B55F7AD41} = {0A2FF4A8-8D20-4291-B977-581B55F7AD41}
	EndProjectSection
EndProject
Project("{8BC9CEB8-8B4A-11D0-8D11-00A0C91BC942}") = "testapp", "tests\testapp\testapp.vcxproj", "{B4EA3BDB-71CA-40E6-AABB-7D78D273E228}"
	ProjectSection(ProjectDependencies) = postProject
		{0A2FF4A8-8D20-4291-B977-581B55F7AD41} = {0A2FF4A8-8D20-4291-B977-581B55F7AD41}
	EndProjectSection
EndProject
Project("{8BC9CEB8-8B4A-11D0-8D11-00A0C91BC942}") = "testlockperf", "tests\testlockperf\testlockperf.vcxproj", "{5DF2ABAD-3DD4-4482-A841-6ADD989BBB4F}"
	ProjectSection(ProjectDependencies) = postProject
		{0A2FF4A8-8D20-4291-B977-581B55F7AD41} = {0A2FF4A8-8D20-4291-B977-581B55F7AD41}
	EndProjectSection
EndProject
Project("{8BC9CEB8-8B4A-11D0-8D11-00A0C91BC942}") = "testmutexscope", "tests\testmutexscope\testmutexscope.vcxproj", "{AF6E7E74-05E7-4F97-B751-CCAA85410A85}"
	ProjectSection(ProjectDependencies) = postProject
		{0A2FF4A8-8D20-4291-B977-581B55F7AD41} = {0A2FF4A8-8D20-4291-B977-581B55F7AD41}
	EndProjectSection
EndProject
Project("{8BC9CEB8-8B4A-11D0-8D11-00A0C91BC942}") = "testshmconsumer", "tests\testshmconsumer\testshmconsumer.vcxproj", "{41EA7C54-7F0E-4494-81E9-20D397D7A867}"
	ProjectSection(ProjectDependencies) = postProject
		{0A2FF4A8-8D20-4291-B977-581B55F7AD41} = {0A2FF4A8-8D20-4291-B977-581B55F7AD41}
	EndProjectSection
EndProject
Project("{8BC9CEB8-8B4A-11D0-8D11-00A0C91BC942}") = "testshmproducer", "tests\testshmproducer\testshmproducer.vcxproj", "{7F60522E-7BC9-4529-A253-98266BC582C0}"
	ProjectSection(ProjectDependencies) = postProject
		{0A2FF4A8-8D20-4291-B977-581B55F7AD41} = {0A2FF4A8-8D20-4291-B977-581B55F7AD41}
	EndProjectSection
EndProject
Project("{8BC9CEB8-8B4A-11D0-8D11-00A0C91BC942}") = "testucs", "tests\testucs\testucs.vcxproj", "{A2DC5279-F28C-4119-8F38-7BF24D0B68FC}"
	ProjectSection(ProjectDependencies) = postProject
		{0A2FF4A8-8D20-4291-B977-581B55F7AD41} = {0A2FF4A8-8D20-4291-B977-581B55F7AD41}
	EndProjectSection
EndProject
Project("{8BC9CEB8-8B4A-11D0-8D11-00A0C91BC942}") = "tryread", "tests\tryread\tryread.vcxproj", "{2A85683B-BD7B-4E00-BDB9-37B0ACC0EBE7}"
	ProjectSection(ProjectDependencies) = postProject
		{0A2FF4A8-8D20-4291-B977-581B55F7AD41} = {0A2FF4A8-8D20-4291-B977-581B55F7AD41}
	EndProjectSection
EndProject
Project("{8BC9CEB8-8B4A-11D0-8D11-00A0C91BC942}") = "testall-static", "tests\testall-static\testall-static.vcxproj", "{E4414540-F61C-4865-B51A-9FE7A12EBDFF}"
	ProjectSection(ProjectDependencies) = postProject
		{4BE76B19-4ECE-439B-9FAD-1E91CD03D1BD} = {4BE76B19-4ECE-439B-9FAD-1E91CD03D1BD}
	EndProjectSection
EndProject
Global
	GlobalSection(SolutionConfigurationPlatforms) = preSolution
		Debug|Win32 = Debug|Win32
		Debug|x64 = Debug|x64
		Release|Win32 = Release|Win32
		Release|x64 = Release|x64
	EndGlobalSection
	GlobalSection(ProjectConfigurationPlatforms) = postSolution
		{0A2FF4A8-8D20-4291-B977-581B55F7AD41}.Debug|Win32.ActiveCfg = Debug|Win32
		{0A2FF4A8-8D20-4291-B977-581B55F7AD41}.Debug|Win32.Build.0 = Debug|Win32
		{0A2FF4A8-8D20-4291-B977-581B55F7AD41}.Debug|x64.ActiveCfg = Debug|x64
		{0A2FF4A8-8D20-4291-B977-581B55F7AD41}.Debug|x64.Build.0 = Debug|x64
		{0A2FF4A8-8D20-4291-B977-581B55F7AD41}.Release|Win32.ActiveCfg = Release|Win32
		{0A2FF4A8-8D20-4291-B977-581B55F7AD41}.Release|Win32.Build.0 = Release|Win32
		{0A2FF4A8-8D20-4291-B977-581B55F7AD41}.Release|x64.ActiveCfg = Release|x64
		{0A2FF4A8-8D20-4291-B977-581B55F7AD41}.Release|x64.Build.0 = Release|x64
		{EF0062D0-A788-47FD-910B-321D3A929CA6}.Debug|Win32.ActiveCfg = Debug|Win32
		{EF0062D0-A788-47FD-910B-321D3A929CA6}.Debug|Win32.Build.0 = Debug|Win32
		{EF0062D0-A788-47FD-910B-321D3A929CA6}.Debug|x64.ActiveCfg = Debug|x64
		{EF0062D0-A788-47FD-910B-321D3A929CA6}.Debug|x64.Build.0 = Debug|x64
		{EF0062D0-A788-47FD-910B-321D3A929CA6}.Release|Win32.ActiveCfg = Release|Win32
		{EF0062D0-A788-47FD-910B-321D3A929CA6}.Release|Win32.Build.0 = Release|Win32
		{EF0062D0-A788-47FD-910B-321D3A929CA6}.Release|x64.ActiveCfg = Release|x64
		{EF0062D0-A788-47FD-910B-321D3A929CA6}.Release|x64.Build.0 = Release|x64
		{4BE76B19-4ECE-439B-9FAD-1E91CD03D1BD}.Debug|Win32.ActiveCfg = Debug|Win32
		{4BE76B19-4ECE-439B-9FAD-1E91CD03D1BD}.Debug|Win32.Build.0 = Debug|Win32
		{4BE76B19-4ECE-439B-9FAD-1E91CD03D1BD}.Debug|x64.ActiveCfg = Debug|x64
		{4BE76B19-4ECE-439B-9FAD-1E91CD03D1BD}.Debug|x64.Build.0 = Debug|x64
		{4BE76B19-4ECE-439B-9FAD-1E91CD03D1BD}.Release|Win32.ActiveCfg = Release|Win32
		{4BE76B19-4ECE-439B-9FAD-1E91CD03D1BD}.Release|Win32.Build.0 = Release|Win32
		{4BE76B19-4ECE-439B-9FAD-1E91CD03D1BD}.Release|x64.ActiveCfg = Release|x64
		{4BE76B19-4ECE-439B-9FAD-1E91CD03D1BD}.Release|x64.Build.0 = Release|x64
		{5E8AA413-C72F-4289-B4AA-5CFC3EDA536C}.Debug|Win32.ActiveCfg = Debug|Win32
		{5E8AA413-C72F-4289-B4AA-5CFC3EDA536C}.Debug|Win32.Build.0 = Debug|Win32
		{5E8AA413-C72F-4289-B4AA-5CFC3EDA536C}.Debug|x64.ActiveCfg = Debug|x64
		{5E8AA413-C72F-4289-B4AA-5CFC3EDA536C}.Debug|x64.Build.0 = Debug|x64
		{5E8AA413-C72F-4289-B4AA-5CFC3EDA536C}.Release|Win32.ActiveCfg = Release|Win32
		{5E8AA413-C72F-4289-B4AA-5CFC3EDA536C}.Release|Win32.Build.0 = Release|Win32
		{5E8AA413-C72F-4289-B4AA-5CFC3EDA536C}.Release|x64.ActiveCfg = Release|x64
		{5E8AA413-C72F-4289-B4AA-5CFC3EDA536C}.Release|x64.Build.0 = Release|x64
		{B08737E6-D056-4C7E-8BA1-7650A9F00113}.Debug|Win32.ActiveCfg = Debug|Win32
		{B08737E6-D056-4C7E-8BA1-7650A9F00113}.Debug|Win32.Build.0 = Debug|Win32
		{B08737E6-D056-4C7E-8BA1-7650A9F00113}.Debug|x64.ActiveCfg = Debug|x64
		{B08737E6-D056-4C7E-8BA1-7650A9F00113}.Debug|x64.Build.0 = Debug|x64
		{B08737E6-D056-4C7E-8BA1-7650A9F00113}.Release|Win32.ActiveCfg = Release|Win32
		{B08737E6-D056-4C7E-8BA1-7650A9F00113}.Release|Win32.Build.0 = Release|Win32
		{B08737E6-D056-4C7E-8BA1-7650A9F00113}.Release|x64.ActiveCfg = Release|x64
		{B08737E6-D056-4C7E-8BA1-7650A9F00113}.Release|x64.Build.0 = Release|x64
		{6BDF3D80-F118-4E27-B432-74ED6AFCA005}.Debug|Win32.ActiveCfg = Debug|Win32
		{6BDF3D80-F118-4E27-B432-74ED6AFCA005}.Debug|Win32.Build.0 = Debug|Win32
		{6BDF3D80-F118-4E27-B432-74ED6AFCA005}.Debug|x64.ActiveCfg = Debug|x64
		{6BDF3D80-F118-4E27-B432-74ED6AFCA005}.Debug|x64.Build.0 = Debug|x64
		{6BDF3D80-F118-4E27-B432-74ED6AFCA005}.Release|Win32.ActiveCfg = Release|Win32
		{6BDF3D80-F118-4E27-B432-74ED6AFCA005}.Release|Win32.Build.0 = Release|Win32
		{6BDF3D80-F118-4E27-B432-74ED6AFCA005}.Release|x64.ActiveCfg = Release|x64
		{6BDF3D80-F118-4E27-B432-74ED6AFCA005}.Release|x64.Build.0 = Release|x64
		{36B76E9E-B6CC-44EB-9416-097167D2045F}.Debug|Win32.ActiveCfg = Debug|Win32
		{36B76E9E-B6CC-44EB-9416-097167D2045F}.Debug|Win32.Build.0 = Debug|Win32
		{36B76E9E-B6CC-44EB-9416-097167D2045F}.Debug|x64.ActiveCfg = Debug|x64
		{36B76E9E-B6CC-44EB-9416-097167D2045F}.Debug|x64.Build.0 = Debug|x64
		{36B76E9E-B6CC-44EB-9416-097167D2045F}.Release|Win32.ActiveCfg = Release|Win32
		{36B76E9E-B6CC-44EB-9416-097167D2045F}.Release|Win32.Build.0 = Release|Win32
		{36B76E9E-B6CC-44EB-9416-097167D2045F}.Release|x64.ActiveCfg = Release|x64
		{36B76E9E-B6CC-44EB-9416-097167D2045F}.Release|x64.Build.0 = Release|x64
		{4B7F0463-1413-44F1-B924-AE7ABECC3A56}.Debug|Win32.ActiveCfg = Debug|Win32
		{4B7F0463-1413-44F1-B924-AE7ABECC3A56}.Debug|Win32.Build.0 = Debug|Win32
		{4B7F0463-1413-44F1-B924-AE7ABECC3A56}.Debug|x64.ActiveCfg = Debug|x64
		{4B7F0463-1413-44F1-B924-AE7ABECC3A56}.Debug|x64.Build.0 = Debug|x64
		{4B7F0463-1413-44F1-B924-AE7ABECC3A56}.Release|Win32.ActiveCfg = Release|Win32
		{4B7F0463-1413-44F1-B924-AE7ABECC3A56}.Release|Win32.Build.0 = Release|Win32
		{4B7F0463-1413-44F1-B924-AE7ABECC3A56}.Release|x64.ActiveCfg = Release|x64
		{4B7F0463-1413-44F1-B924-AE7ABECC3A56}.Release|x64.Build.0 = Release|x64
		{93E0CCD0-C8EA-49A6-864E-898EA37EE48A}.Debug|Win32.ActiveCfg = Debug|Win32
		{93E0CCD0-C8EA-49A6-864E-898EA37EE48A}.Debug|Win32.Build.0 = Debug|Win32
		{93E0CCD0-C8EA-49A6-864E-898EA37EE48A}.Debug|x64.ActiveCfg = Debug|x64
		{93E0CCD0-C8EA-49A6-864E-898EA37EE48A}.Debug|x64.Build.0 = Debug|x64
		{93E0CCD0-C8EA-49A6-864E-898EA37EE48A}.Release|Win32.ActiveCfg = Release|Win32
		{93E0CCD0-C8EA-49A6-864E-898EA37EE48A}.Release|Win32.Build.0 = Release|Win32
		{93E0CCD0-C8EA-49A6-864E-898EA37EE48A}.Release|x64.ActiveCfg = Release|x64
		{93E0CCD0-C8EA-49A6-864E-898EA37EE48A}.Release|x64.Build.0 = Release|x64
		{6E168A4C-C996-4214-A7F6-EC01D7B70347}.Debug|Win32.ActiveCfg = Debug|Win32
		{6E168A4C-C996-4214-A7F6-EC01D7B70347}.Debug|Win32.Build.0 = Debug|Win32
		{6E168A4C-C996-4214-A7F6-EC01D7B70347}.Debug|x64.ActiveCfg = Debug|x64
		{6E168A4C-C996-4214-A7F6-EC01D7B70347}.Debug|x64.Build.0 = Debug|x64
		{6E168A4C-C996-4214-A7F6-EC01D7B70347}.Release|Win32.ActiveCfg = Release|Win32
		{6E168A4C-C996-4214-A7F6-EC01D7B70347}.Release|Win32.Build.0 = Release|Win32
		{6E168A4C-C996-4214-A7F6-EC01D7B70347}.Release|x64.ActiveCfg = Release|x64
		{6E168A4C-C996-4214-A7F6-EC01D7B70347}.Release|x64.Build.0 = Release|x64
		{4B77D321-E49F-464C-9D11-80C84E1C63CA}.Debug|Win32.ActiveCfg = Debug|Win32
		{4B77D321-E49F-464C-9D11-80C84E1C63CA}.Debug|Win32.Build.0 = Debug|Win32
		{4B77D321-E49F-464C-9D11-80C84E1C63CA}.Debug|x64.ActiveCfg = Debug|x64
		{4B77D321-E49F-464C-9D11-80C84E1C63CA}.Debug|x64.Build.0 = Debug|x64
		{4B77D321-E49F-464C-9D11-80C84E1C63CA}.Release|Win32.ActiveCfg = Release|Win32
		{4B77D321-E49F-464C-9D11-80C84E1C63CA}.Release|Win32.Build.0 = Release|Win32
		{4B77D321-E49F-464C-9D11-80C84E1C63CA}.Release|x64.ActiveCfg = Release|x64
		{4B77D321-E49F-464C-9D11-80C84E1C63CA}.Release|x64.Build.0 = Release|x64
		{4E86E148-CD8D-460F-BD2F-2435E1A7F149}.Debug|Win32.ActiveCfg = Debug|Win32
		{4E86E148-CD8D-460F-BD2F-2435E1A7F149}.Debug|Win32.Build.0 = Debug|Win32
		{4E86E148-CD8D-460F-BD2F-2435E1A7F149}.Debug|x64.ActiveCfg = Debug|x64
		{4E86E148-CD8D-460F-BD2F-2435E1A7F149}.Debug|x64.Build.0 = Debug|x64
		{4E86E148-CD8D-460F-BD2F-2435E1A7F149}.Release|Win32.ActiveCfg = Release|Win32
		{4E86E148-CD8D-460F-BD2F-2435E1A7F149}.Release|Win32.Build.0 = Release|Win32
		{4E86E148-CD8D-460F-BD2F-2435E1A7F149}.Release|x64.ActiveCfg = Release|x64
		{4E86E148-CD8D-460F-BD2F-2435E1A7F149}.Release|x64.Build.0 = Release|x64
		{FBAF761E-FCC0-432B-83C6-A7635E187F49}.Debug|Win32.ActiveCfg = Debug|Win32
		{FBAF761E-FCC0-432B-83C6-A7635E187F49}.Debug|Win32.Build.0 = Debug|Win32
		{FBAF761E-FCC0-432B-83C6-A7635E187F49}.Debug|x64.ActiveCfg = Debug|x64
		{FBAF761E-FCC0-432B-83C6-A7635E187F49}.Debug|x64.Build.0 = Debug|x64
		{FBAF761E-FCC0-432B-83C6-A7635E187F49}.Release|Win32.ActiveCfg = Release|Win32
		{FBAF761E-FCC0-432B-83C6-A7635E187F49}.Release|Win32.Build.0 = Release|Win32
		{FBAF761E-FCC0-432B-83C6-A7635E187F49}.Release|x64.ActiveCfg = Release|x64
		{FBAF761E-FCC0-432B-83C6-A7635E187F49}.Release|x64.Build.0 = Release|x64
		{12F8AF6D-11EA-4C40-8ED5-EE85F9164BE8}.Debug|Win32.ActiveCfg = Debug|Win32
		{12F8AF6D-11EA-4C40-8ED5-EE85F9164BE8}.Debug|Win32.Build.0 = Debug|Win32
		{12F8AF6D-11EA-4C40-8ED5-EE85F9164BE8}.Debug|x64.ActiveCfg = Debug|x64
		{12F8AF6D-11EA-4C40-8ED5-EE85F9164BE8}.Debug|x64.Build.0 = Debug|x64
		{12F8AF6D-11EA-4C40-8ED5-EE85F9164BE8}.Release|Win32.ActiveCfg = Release|Win32
		{12F8AF6D-11EA-4C40-8ED5-EE85F9164BE8}.Release|Win32.Build.0 = Release|Win32
		{12F8AF6D-11EA-4C40-8ED5-EE85F9164BE8}.Release|x64.ActiveCfg = Release|x64
		{12F8AF6D-11EA-4C40-8ED5-EE85F9164BE8}.Release|x64.Build.0 = Release|x64
		{10F7B024-B56B-42A3-BD68-1F9BC3F17CB0}.Debug|Win32.ActiveCfg = Debug|Win32
		{10F7B024-B56B-42A3-BD68-1F9BC3F17CB0}.Debug|Win32.Build.0 = Debug|Win32
		{10F7B024-B56B-42A3-BD68-1F9BC3F17CB0}.Debug|x64.ActiveCfg = Debug|x64
		{10F7B024-B56B-42A3-BD68-1F9BC3F17CB0}.Debug|x64.Build.0 = Debug|x64
		{10F7B024-B56B-42A3-BD68-1F9BC3F17CB0}.Release|Win32.ActiveCfg = Release|Win32
		{10F7B024-B56B-42A3-BD68-1F9BC3F17CB0}.Release|Win32.Build.0 = Release|Win32
		{10F7B024-B56B-42A3-BD68-1F9BC3F17CB0}.Release|x64.ActiveCfg = Release|x64
		{10F7B024-B56B-42A3-BD68-1F9BC3F17CB0}.Release|x64.Build.0 = Release|x64
		{B4EA3BDB-71CA-40E6-AABB-7D78D273E228}.Debug|Win32.ActiveCfg = Debug|Win32
		{B4EA3BDB-71CA-40E6-AABB-7D78D273E228}.Debug|Win32.Build.0 = Debug|Win32
		{B4EA3BDB-71CA-40E6-AABB-7D78D273E228}.Debug|x64.ActiveCfg = Debug|x64
		{B4EA3BDB-71CA-40E6-AABB-7D78D273E228}.Debug|x64.Build.0 = Debug|x64
		{B4EA3BDB-71CA-40E6-AABB-7D78D273E228}.Release|Win32.ActiveCfg = Release|Win32
		{B4EA3BDB-71CA-40E6-AABB-7D78D273E228}.Release|Win32.Build.0 = Release|Win32
		{B4EA3BDB-71CA-40E6-AABB-7D78D273E228}.Release|x64.ActiveCfg = Release|x64
		{B4EA3BDB-71CA-40E6-AABB-7D78D273E228}.Release|x64.Build.0 = Release|x64
		{5DF2ABAD-3DD4-4482-A841-6ADD989BBB4F}.Debug|Win32.ActiveCfg = Debug|Win32
		{5DF2ABAD-3DD4-4482-A841-6ADD989BBB4F}.Debug|Win32.Build.0 = Debug|Win32
		{5DF2ABAD-3DD4-4482-A841-6ADD989BBB4F}.Debug|x64.ActiveCfg = Debug|x64
		{5DF2ABAD-3DD4-4482-A841-6ADD989BBB4F}.Debug|x64.Build.0 = Debug|x64
		{5DF2ABAD-3DD4-4482-A841-6ADD989BBB4F}.Release|Win32.ActiveCfg = Release|Win32
		{5DF2ABAD-3DD4-4482-A841-6ADD989BBB4F}.Release|Win32.Build.0 = Release|Win32
		{5DF2ABAD-3DD4-4482-A841-6ADD989BBB4F}.Release|x64.ActiveCfg = Release|x64
		{5DF2ABAD-3DD4-4482-A841-6ADD989BBB4F}.Release|x64.Build.0 = Release|x64
		{AF6E7E74-05E7-4F97-B751-CCAA85410A85}.Debug|Win32.ActiveCfg = Debug|Win32
		{AF6E7E74-05E7-4F97-B751-CCAA85410A85}.Debug|Win32.Build.0 = Debug|Win32
		{AF6E7E74-05E7-4F97-B751-CCAA85410A85}.Debug|x64.ActiveCfg = Debug|x64
		{AF6E7E74-05E7-4F97-B751-CCAA85410A85}.Debug|x64.Build.0 = Debug|x64
		{AF6E7E74-05E7-4F97-B751-CCAA85410A85}.Release|Win32.ActiveCfg = Release|Win32
		{AF6E7E74-05E7-4F97-B751-CCAA85410A85}.Release|Win32.Build.0 = Release|Win32
		{AF6E7E74-05E7-4F97-B751-CCAA85410A85}.Release|x64.ActiveCfg = Release|x64
		{AF6E7E74-05E7-4F97-B751-CCAA85410A85}.Release|x64.Build.0 = Release|x64
		{41EA7C54-7F0E-4494-81E9-20D397D7A867}.Debug|Win32.ActiveCfg = Debug|Win32
		{41EA7C54-7F0E-4494-81E9-20D397D7A867}.Debug|Win32.Build.0 = Debug|Win32
		{41EA7C54-7F0E-4494-81E9-20D397D7A867}.Debug|x64.ActiveCfg = Debug|x64
		{41EA7C54-7F0E-4494-81E9-20D397D7A867}.Debug|x64.Build.0 = Debug|x64
		{41EA7C54-7F0E-4494-81E9-20D397D7A867}.Release|Win32.ActiveCfg = Release|Win32
		{41EA7C54-7F0E-4494-81E9-20D397D7A867}.Release|Win32.Build.0 = Release|Win32
		{41EA7C54-7F0E-4494-81E9-20D397D7A867}.Release|x64.ActiveCfg = Release|x64
		{41EA7C54-7F0E-4494-81E9-20D397D7A867}.Release|x64.Build.0 = Release|x64
		{7F60522E-7BC9-4529-A253-98266BC582C0}.Debug|Win32.ActiveCfg = Debug|Win32
		{7F60522E-7BC9-4529-A253-98266BC582C0}.Debug|Win32.Build.0 = Debug|Win32
		{7F60522E-7BC9-4529-A253-98266BC582C0}.Debug|x64.ActiveCfg = Debug|x64
		{7F60522E-7BC9-4529-A253-98266BC582C0}.Debug|x64.Build.0 = Debug|x64
		{7F60522E-7BC9-4529-A253-98266BC582C0}.Release|Win32.ActiveCfg = Release|Win32
		{7F60522E-7BC9-4529-A253-98266BC582C0}.Release|Win32.Build.0 = Release|Win32
		{7F60522E-7BC9-4529-A253-98266BC582C0}.Release|x64.ActiveCfg = Release|x64
		{7F60522E-7BC9-4529-A253-98266BC582C0}.Release|x64.Build.0 = Release|x64
		{A2DC5279-F28C-4119-8F38-7BF24D0B68FC}.Debug|Win32.ActiveCfg = Debug|Win32
		{A2DC5279-F28C-4119-8F38-7BF24D0B68FC}.Debug|Win32.Build.0 = Debug|Win32
		{A2DC5279-F28C-4119-8F38-7BF24D0B68FC}.Debug|x64.ActiveCfg = Debug|x64
		{A2DC5279-F28C-4119-8F38-7BF24D0B68FC}.Debug|x64.Build.0 = Debug|x64
		{A2DC5279-F28C-4119-8F38-7BF24D0B68FC}.Release|Win32.ActiveCfg = Release|Win32
		{A2DC5279-F28C-4119-8F38-7BF24D0B68FC}.Release|Win32.Build.0 = Release|Win32
		{A2DC5279-F28C-4119-8F38-7BF24D0B68FC}.Release|x64.ActiveCfg = Release|x64
		{A2DC5279-F28C-4119-8F38-7BF24D0B68FC}.Release|x64.Build.0 = Release|x64
		{2A85683B-BD7B-4E00-BDB9-37B0ACC0EBE7}.Debug|Win32.ActiveCfg = Debug|Win32
		{2A85683B-BD7B-4E00-BDB9-37B0ACC0EBE7}.Debug|Win32.Build.0 = Debug|Win32
		{2A85683B-BD7B-4E00-BDB9-37B0ACC0EBE7}.Debug|x64.ActiveCfg = Debug|x64
		{2A85683B-BD7B-4E00-BDB9-37B0ACC0EBE7}.Debug|x64.Build.0 = Debug|x64
		{2A85683B-BD7B-4E00-BDB9-37B0ACC0EBE7}.Release|Win32.ActiveCfg = Release|Win32
		{2A85683B-BD7B-4E00-BDB9-37B0ACC0EBE7}.Release|Win32.Build.0 = Release|Win32
		{2A85683B-BD7B-4E00-BDB9-37B0ACC0EBE7}.Release|x64.ActiveCfg = Release|x64
		{2A85683B-BD7B-4E00-BDB9-37B0ACC0EBE7}.Release|x64.Build.0 = Release|x64
		{E4414540-F61C-4865-B51A-9FE7A12EBDFF}.Debug|Win32.ActiveCfg = Debug|Win32
		{E4414540-F61C-4865-B51A-9FE7A12EBDFF}.Debug|Win32.Build.0 = Debug|Win32
		{E4414540-F61C-4865-B51A-9FE7A12EBDFF}.Debug|x64.ActiveCfg = Debug|x64
		{E4414540-F61C-4865-B51A-9FE7A12EBDFF}.Debug|x64.Build.0 = Debug|x64
		{E4414540-F61C-4865-B51A-9FE7A12EBDFF}.Release|Win32.ActiveCfg = Release|Win32
		{E4414540-F61C-4865-B51A-9FE7A12EBDFF}.Release|Win32.Build.0 = Release|Win32
		{E4414540-F61C-4865-B51A-9FE7A12EBDFF}.Release|x64.ActiveCfg = Release|x64
		{E4414540-F61C-4865-B51A-9FE7A12EBDFF}.Release|x64.Build.0 = Release|x64
	EndGlobalSection
	GlobalSection(SolutionProperties) = preSolution
		HideSolutionNode = FALSE
	EndGlobalSection
	GlobalSection(NestedProjects) = preSolution
		{6BDF3D80-F118-4E27-B432-74ED6AFCA005} = {31440E9B-AF81-4117-887D-B99880DE6FB0}
		{36B76E9E-B6CC-44EB-9416-097167D2045F} = {31440E9B-AF81-4117-887D-B99880DE6FB0}
		{4B7F0463-1413-44F1-B924-AE7ABECC3A56} = {31440E9B-AF81-4117-887D-B99880DE6FB0}
		{93E0CCD0-C8EA-49A6-864E-898EA37EE48A} = {31440E9B-AF81-4117-887D-B99880DE6FB0}
		{6E168A4C-C996-4214-A7F6-EC01D7B70347} = {31440E9B-AF81-4117-887D-B99880DE6FB0}
		{4B77D321-E49F-464C-9D11-80C84E1C63CA} = {31440E9B-AF81-4117-887D-B99880DE6FB0}
		{4E86E148-CD8D-460F-BD2F-2435E1A7F149} = {31440E9B-AF81-4117-887D-B99880DE6FB0}
		{FBAF761E-FCC0-432B-83C6-A7635E187F49} = {31440E9B-AF81-4117-887D-B99880DE6FB0}
		{12F8AF6D-11EA-4C40-8ED5-EE85F9164BE8} = {31440E9B-AF81-4117-887D-B99880DE6FB0}
		{10F7B024-B56B-42A3-BD68-1F9BC3F17CB0} = {31440E9B-AF81-4117-887D-B99880DE6FB0}
		{B4EA3BDB-71CA-40E6-AABB-7D78D273E228} = {31440E9B-AF81-4117-887D-B99880DE6FB0}
		{5DF2ABAD-3DD4-4482-A841-6ADD989BBB4F} = {31440E9B-AF81-4117-887D-B99880DE6FB0}
		{AF6E7E74-05E7-4F97-B751-CCAA85410A85} = {31440E9B-AF81-4117-887D-B99880DE6FB0}
		{41EA7C54-7F0E-4494-81E9-20D397D7A867} = {31440E9B-AF81-4117-887D-B99880DE6FB0}
		{7F60522E-7BC9-4529-A253-98266BC582C0} = {31440E9B-AF81-4117-887D-B99880DE6FB0}
		{A2DC5279-F28C-4119-8F38-7BF24D0B68FC} = {31440E9B-AF81-4117-887D-B99880DE6FB0}
		{2A85683B-BD7B-4E00-BDB9-37B0ACC0EBE7} = {31440E9B-AF81-4117-887D-B99880DE6FB0}
		{E4414540-F61C-4865-B51A-9FE7A12EBDFF} = {31440E9B-AF81-4117-887D-B99880DE6FB0}
	EndGlobalSection
	GlobalSection(ExtensibilityGlobals) = postSolution
		SolutionGuid = {21D9E43E-10FB-4C24-B54E-E717FD518B70}
	EndGlobalSection
EndGlobal
